// !$*UTF8*$!
{
	archiveVersion = 1;
	classes = {
	};
	objectVersion = 46;
	objects = {

/* Begin PBXBuildFile section */
		CA6EBD661D2FD04E009B64B2 /* baseView.m in Sources */ = {isa = PBXBuildFile; fileRef = CA6EBD461D2FD04E009B64B2 /* baseView.m */; };
		CA6EBD671D2FD04E009B64B2 /* XLScrollViewer.m in Sources */ = {isa = PBXBuildFile; fileRef = CA6EBD491D2FD04E009B64B2 /* XLScrollViewer.m */; };
		CA6EBD681D2FD04E009B64B2 /* build.m in Sources */ = {isa = PBXBuildFile; fileRef = CA6EBD4C1D2FD04E009B64B2 /* build.m */; };
		CA6EBD691D2FD04E009B64B2 /* technology.m in Sources */ = {isa = PBXBuildFile; fileRef = CA6EBD4F1D2FD04E009B64B2 /* technology.m */; };
		CA6EBD6A1D2FD04E009B64B2 /* recommend.m in Sources */ = {isa = PBXBuildFile; fileRef = CA6EBD521D2FD04E009B64B2 /* recommend.m */; };
		CA6EBD6B1D2FD04E009B64B2 /* digital.m in Sources */ = {isa = PBXBuildFile; fileRef = CA6EBD551D2FD04E009B64B2 /* digital.m */; };
		CA6EBD6C1D2FD04E009B64B2 /* articleTableViewCell.m in Sources */ = {isa = PBXBuildFile; fileRef = CA6EBD581D2FD04E009B64B2 /* articleTableViewCell.m */; };
		CA6EBD6D1D2FD04E009B64B2 /* articleTableViewCell.xib in Resources */ = {isa = PBXBuildFile; fileRef = CA6EBD591D2FD04E009B64B2 /* articleTableViewCell.xib */; };
		CA6EBD6E1D2FD04E009B64B2 /* hotView.m in Sources */ = {isa = PBXBuildFile; fileRef = CA6EBD5C1D2FD04E009B64B2 /* hotView.m */; };
		CA6EBD6F1D2FD04E009B64B2 /* science.m in Sources */ = {isa = PBXBuildFile; fileRef = CA6EBD5F1D2FD04E009B64B2 /* science.m */; };
		CA6EBD701D2FD04E009B64B2 /* sale.m in Sources */ = {isa = PBXBuildFile; fileRef = CA6EBD621D2FD04E009B64B2 /* sale.m */; };
		CA6EBD711D2FD04E009B64B2 /* design.m in Sources */ = {isa = PBXBuildFile; fileRef = CA6EBD651D2FD04E009B64B2 /* design.m */; };
		CA6EBD741D2FD0D0009B64B2 /* LXArticalViewController.m in Sources */ = {isa = PBXBuildFile; fileRef = CA6EBD731D2FD0D0009B64B2 /* LXArticalViewController.m */; };
		CA8708F91D29538500975289 /* main.m in Sources */ = {isa = PBXBuildFile; fileRef = CA8708F81D29538500975289 /* main.m */; };
		CA9598231D33368400F6EA10 /* Assets.xcassets in Resources */ = {isa = PBXBuildFile; fileRef = CA9598221D33368400F6EA10 /* Assets.xcassets */; };
		CA9598261D334B0A00F6EA10 /* LXRecommendTagCell.m in Sources */ = {isa = PBXBuildFile; fileRef = CA9598251D334B0A00F6EA10 /* LXRecommendTagCell.m */; };
		CA9598281D334B1C00F6EA10 /* LXRecommendTagCell.xib in Resources */ = {isa = PBXBuildFile; fileRef = CA9598271D334B1C00F6EA10 /* LXRecommendTagCell.xib */; };
		CA95982B1D337F5F00F6EA10 /* LXRecommendTag.m in Sources */ = {isa = PBXBuildFile; fileRef = CA95982A1D337F5F00F6EA10 /* LXRecommendTag.m */; };
		CA95982E1D33CB2300F6EA10 /* LXTopic.m in Sources */ = {isa = PBXBuildFile; fileRef = CA95982D1D33CB2300F6EA10 /* LXTopic.m */; };
		CA9598321D33CC7D00F6EA10 /* LXTopicCell.m in Sources */ = {isa = PBXBuildFile; fileRef = CA9598301D33CC7D00F6EA10 /* LXTopicCell.m */; };
		CA9598331D33CC7D00F6EA10 /* LXTopicCell.xib in Resources */ = {isa = PBXBuildFile; fileRef = CA9598311D33CC7D00F6EA10 /* LXTopicCell.xib */; };
		CA96996B1D30BC8900F2EE9A /* LXPublishViewController.m in Sources */ = {isa = PBXBuildFile; fileRef = CA9699691D30BC8900F2EE9A /* LXPublishViewController.m */; };
		CA96996C1D30BC8900F2EE9A /* LXPublishViewController.xib in Resources */ = {isa = PBXBuildFile; fileRef = CA96996A1D30BC8900F2EE9A /* LXPublishViewController.xib */; };
		CA9699701D30E8B600F2EE9A /* LXVerticalButton.m in Sources */ = {isa = PBXBuildFile; fileRef = CA96996F1D30E8B600F2EE9A /* LXVerticalButton.m */; };
		CAAF74BE1D2D41B3005B354C /* article_detail.html in Resources */ = {isa = PBXBuildFile; fileRef = CAAF74BD1D2D41B3005B354C /* article_detail.html */; };
		CAAF74C51D2D42FB005B354C /* LXImagModel.m in Sources */ = {isa = PBXBuildFile; fileRef = CAAF74C41D2D42FB005B354C /* LXImagModel.m */; };
		CAAF74C81D2D4310005B354C /* LXDetailModel.m in Sources */ = {isa = PBXBuildFile; fileRef = CAAF74C71D2D4310005B354C /* LXDetailModel.m */; };
		CAAF74F91D2D52D7005B354C /* articleModel.m in Sources */ = {isa = PBXBuildFile; fileRef = CAAF74F81D2D52D7005B354C /* articleModel.m */; };
		CAB660971D2B440800934F27 /* AppDelegate.m in Sources */ = {isa = PBXBuildFile; fileRef = CAB660721D2B440800934F27 /* AppDelegate.m */; };
		CAB660981D2B440800934F27 /* UIBarButtonItem+LXbtn.m in Sources */ = {isa = PBXBuildFile; fileRef = CAB660751D2B440800934F27 /* UIBarButtonItem+LXbtn.m */; };
		CAB660991D2B440800934F27 /* UIView+LXExtension.m in Sources */ = {isa = PBXBuildFile; fileRef = CAB660771D2B440800934F27 /* UIView+LXExtension.m */; };
		CAB6609A1D2B440800934F27 /* LXTabBarController.m in Sources */ = {isa = PBXBuildFile; fileRef = CAB6607A1D2B440800934F27 /* LXTabBarController.m */; };
		CAB6609B1D2B440800934F27 /* LXTabBar.m in Sources */ = {isa = PBXBuildFile; fileRef = CAB6607E1D2B440800934F27 /* LXTabBar.m */; };
		CAB6609C1D2B440800934F27 /* meViewController.m in Sources */ = {isa = PBXBuildFile; fileRef = CAB660821D2B440800934F27 /* meViewController.m */; };
		CAB6609D1D2B440800934F27 /* newsViewController.m in Sources */ = {isa = PBXBuildFile; fileRef = CAB660881D2B440800934F27 /* newsViewController.m */; };
		CAB6609E1D2B440800934F27 /* moviesViewController.m in Sources */ = {isa = PBXBuildFile; fileRef = CAB6608E1D2B440800934F27 /* moviesViewController.m */; };
		CAB6609F1D2B440800934F27 /* readViewController.m in Sources */ = {isa = PBXBuildFile; fileRef = CAB660941D2B440800934F27 /* readViewController.m */; };
		CAB660CE1D2BCEAF00934F27 /* settingViewController.m in Sources */ = {isa = PBXBuildFile; fileRef = CAB660CD1D2BCEAF00934F27 /* settingViewController.m */; };
		D68D77AF2383F7791503D426 /* libPods-meteorDemo.a in Frameworks */ = {isa = PBXBuildFile; fileRef = 2FEBE50697F22A9988E61C26 /* libPods-meteorDemo.a */; };
/* End PBXBuildFile section */

/* Begin PBXFileReference section */
		2FEBE50697F22A9988E61C26 /* libPods-meteorDemo.a */ = {isa = PBXFileReference; explicitFileType = archive.ar; includeInIndex = 0; path = "libPods-meteorDemo.a"; sourceTree = BUILT_PRODUCTS_DIR; };
		6CE126698F7DC176EDDCD869 /* Pods-meteorDemo.debug.xcconfig */ = {isa = PBXFileReference; includeInIndex = 1; lastKnownFileType = text.xcconfig; name = "Pods-meteorDemo.debug.xcconfig"; path = "Pods/Target Support Files/Pods-meteorDemo/Pods-meteorDemo.debug.xcconfig"; sourceTree = "<group>"; };
		A7BD5F7F93422396F51B1F7B /* Pods-meteorDemo.release.xcconfig */ = {isa = PBXFileReference; includeInIndex = 1; lastKnownFileType = text.xcconfig; name = "Pods-meteorDemo.release.xcconfig"; path = "Pods/Target Support Files/Pods-meteorDemo/Pods-meteorDemo.release.xcconfig"; sourceTree = "<group>"; };
		CA6EBD451D2FD04E009B64B2 /* baseView.h */ = {isa = PBXFileReference; fileEncoding = 4; lastKnownFileType = sourcecode.c.h; path = baseView.h; sourceTree = "<group>"; };
		CA6EBD461D2FD04E009B64B2 /* baseView.m */ = {isa = PBXFileReference; fileEncoding = 4; lastKnownFileType = sourcecode.c.objc; path = baseView.m; sourceTree = "<group>"; };
		CA6EBD481D2FD04E009B64B2 /* XLScrollViewer.h */ = {isa = PBXFileReference; fileEncoding = 4; lastKnownFileType = sourcecode.c.h; path = XLScrollViewer.h; sourceTree = "<group>"; };
		CA6EBD491D2FD04E009B64B2 /* XLScrollViewer.m */ = {isa = PBXFileReference; fileEncoding = 4; lastKnownFileType = sourcecode.c.objc; path = XLScrollViewer.m; sourceTree = "<group>"; };
		CA6EBD4B1D2FD04E009B64B2 /* build.h */ = {isa = PBXFileReference; fileEncoding = 4; lastKnownFileType = sourcecode.c.h; path = build.h; sourceTree = "<group>"; };
		CA6EBD4C1D2FD04E009B64B2 /* build.m */ = {isa = PBXFileReference; fileEncoding = 4; lastKnownFileType = sourcecode.c.objc; path = build.m; sourceTree = "<group>"; };
		CA6EBD4E1D2FD04E009B64B2 /* technology.h */ = {isa = PBXFileReference; fileEncoding = 4; lastKnownFileType = sourcecode.c.h; path = technology.h; sourceTree = "<group>"; };
		CA6EBD4F1D2FD04E009B64B2 /* technology.m */ = {isa = PBXFileReference; fileEncoding = 4; lastKnownFileType = sourcecode.c.objc; path = technology.m; sourceTree = "<group>"; };
		CA6EBD511D2FD04E009B64B2 /* recommend.h */ = {isa = PBXFileReference; fileEncoding = 4; lastKnownFileType = sourcecode.c.h; path = recommend.h; sourceTree = "<group>"; };
		CA6EBD521D2FD04E009B64B2 /* recommend.m */ = {isa = PBXFileReference; fileEncoding = 4; lastKnownFileType = sourcecode.c.objc; path = recommend.m; sourceTree = "<group>"; };
		CA6EBD541D2FD04E009B64B2 /* digital.h */ = {isa = PBXFileReference; fileEncoding = 4; lastKnownFileType = sourcecode.c.h; path = digital.h; sourceTree = "<group>"; };
		CA6EBD551D2FD04E009B64B2 /* digital.m */ = {isa = PBXFileReference; fileEncoding = 4; lastKnownFileType = sourcecode.c.objc; path = digital.m; sourceTree = "<group>"; };
		CA6EBD571D2FD04E009B64B2 /* articleTableViewCell.h */ = {isa = PBXFileReference; fileEncoding = 4; lastKnownFileType = sourcecode.c.h; path = articleTableViewCell.h; sourceTree = "<group>"; };
		CA6EBD581D2FD04E009B64B2 /* articleTableViewCell.m */ = {isa = PBXFileReference; fileEncoding = 4; lastKnownFileType = sourcecode.c.objc; path = articleTableViewCell.m; sourceTree = "<group>"; };
		CA6EBD591D2FD04E009B64B2 /* articleTableViewCell.xib */ = {isa = PBXFileReference; fileEncoding = 4; lastKnownFileType = file.xib; path = articleTableViewCell.xib; sourceTree = "<group>"; };
		CA6EBD5B1D2FD04E009B64B2 /* hotView.h */ = {isa = PBXFileReference; fileEncoding = 4; lastKnownFileType = sourcecode.c.h; path = hotView.h; sourceTree = "<group>"; };
		CA6EBD5C1D2FD04E009B64B2 /* hotView.m */ = {isa = PBXFileReference; fileEncoding = 4; lastKnownFileType = sourcecode.c.objc; path = hotView.m; sourceTree = "<group>"; };
		CA6EBD5E1D2FD04E009B64B2 /* science.h */ = {isa = PBXFileReference; fileEncoding = 4; lastKnownFileType = sourcecode.c.h; path = science.h; sourceTree = "<group>"; };
		CA6EBD5F1D2FD04E009B64B2 /* science.m */ = {isa = PBXFileReference; fileEncoding = 4; lastKnownFileType = sourcecode.c.objc; path = science.m; sourceTree = "<group>"; };
		CA6EBD611D2FD04E009B64B2 /* sale.h */ = {isa = PBXFileReference; fileEncoding = 4; lastKnownFileType = sourcecode.c.h; path = sale.h; sourceTree = "<group>"; };
		CA6EBD621D2FD04E009B64B2 /* sale.m */ = {isa = PBXFileReference; fileEncoding = 4; lastKnownFileType = sourcecode.c.objc; path = sale.m; sourceTree = "<group>"; };
		CA6EBD641D2FD04E009B64B2 /* design.h */ = {isa = PBXFileReference; fileEncoding = 4; lastKnownFileType = sourcecode.c.h; path = design.h; sourceTree = "<group>"; };
		CA6EBD651D2FD04E009B64B2 /* design.m */ = {isa = PBXFileReference; fileEncoding = 4; lastKnownFileType = sourcecode.c.objc; path = design.m; sourceTree = "<group>"; };
		CA6EBD721D2FD0D0009B64B2 /* LXArticalViewController.h */ = {isa = PBXFileReference; fileEncoding = 4; lastKnownFileType = sourcecode.c.h; path = LXArticalViewController.h; sourceTree = "<group>"; };
		CA6EBD731D2FD0D0009B64B2 /* LXArticalViewController.m */ = {isa = PBXFileReference; fileEncoding = 4; lastKnownFileType = sourcecode.c.objc; path = LXArticalViewController.m; sourceTree = "<group>"; };
		CA8708F41D29538500975289 /* meteorDemo.app */ = {isa = PBXFileReference; explicitFileType = wrapper.application; includeInIndex = 0; path = meteorDemo.app; sourceTree = BUILT_PRODUCTS_DIR; };
		CA8708F81D29538500975289 /* main.m */ = {isa = PBXFileReference; lastKnownFileType = sourcecode.c.objc; path = main.m; sourceTree = "<group>"; };
		CA8709081D29538500975289 /* Info.plist */ = {isa = PBXFileReference; lastKnownFileType = text.plist.xml; path = Info.plist; sourceTree = "<group>"; };
		CA9598221D33368400F6EA10 /* Assets.xcassets */ = {isa = PBXFileReference; lastKnownFileType = folder.assetcatalog; path = Assets.xcassets; sourceTree = "<group>"; };
		CA9598241D334B0A00F6EA10 /* LXRecommendTagCell.h */ = {isa = PBXFileReference; fileEncoding = 4; lastKnownFileType = sourcecode.c.h; path = LXRecommendTagCell.h; sourceTree = "<group>"; };
		CA9598251D334B0A00F6EA10 /* LXRecommendTagCell.m */ = {isa = PBXFileReference; fileEncoding = 4; lastKnownFileType = sourcecode.c.objc; path = LXRecommendTagCell.m; sourceTree = "<group>"; };
		CA9598271D334B1C00F6EA10 /* LXRecommendTagCell.xib */ = {isa = PBXFileReference; fileEncoding = 4; lastKnownFileType = file.xib; path = LXRecommendTagCell.xib; sourceTree = "<group>"; };
		CA9598291D337F5F00F6EA10 /* LXRecommendTag.h */ = {isa = PBXFileReference; fileEncoding = 4; lastKnownFileType = sourcecode.c.h; path = LXRecommendTag.h; sourceTree = "<group>"; };
		CA95982A1D337F5F00F6EA10 /* LXRecommendTag.m */ = {isa = PBXFileReference; fileEncoding = 4; lastKnownFileType = sourcecode.c.objc; path = LXRecommendTag.m; sourceTree = "<group>"; };
		CA95982C1D33CB2300F6EA10 /* LXTopic.h */ = {isa = PBXFileReference; fileEncoding = 4; lastKnownFileType = sourcecode.c.h; path = LXTopic.h; sourceTree = "<group>"; };
		CA95982D1D33CB2300F6EA10 /* LXTopic.m */ = {isa = PBXFileReference; fileEncoding = 4; lastKnownFileType = sourcecode.c.objc; path = LXTopic.m; sourceTree = "<group>"; };
		CA95982F1D33CC7D00F6EA10 /* LXTopicCell.h */ = {isa = PBXFileReference; fileEncoding = 4; lastKnownFileType = sourcecode.c.h; path = LXTopicCell.h; sourceTree = "<group>"; };
		CA9598301D33CC7D00F6EA10 /* LXTopicCell.m */ = {isa = PBXFileReference; fileEncoding = 4; lastKnownFileType = sourcecode.c.objc; path = LXTopicCell.m; sourceTree = "<group>"; };
		CA9598311D33CC7D00F6EA10 /* LXTopicCell.xib */ = {isa = PBXFileReference; fileEncoding = 4; lastKnownFileType = file.xib; path = LXTopicCell.xib; sourceTree = "<group>"; };
		CA9699681D30BC8900F2EE9A /* LXPublishViewController.h */ = {isa = PBXFileReference; fileEncoding = 4; lastKnownFileType = sourcecode.c.h; path = LXPublishViewController.h; sourceTree = "<group>"; };
		CA9699691D30BC8900F2EE9A /* LXPublishViewController.m */ = {isa = PBXFileReference; fileEncoding = 4; lastKnownFileType = sourcecode.c.objc; path = LXPublishViewController.m; sourceTree = "<group>"; };
		CA96996A1D30BC8900F2EE9A /* LXPublishViewController.xib */ = {isa = PBXFileReference; fileEncoding = 4; lastKnownFileType = file.xib; path = LXPublishViewController.xib; sourceTree = "<group>"; };
		CA96996E1D30E8B600F2EE9A /* LXVerticalButton.h */ = {isa = PBXFileReference; fileEncoding = 4; lastKnownFileType = sourcecode.c.h; path = LXVerticalButton.h; sourceTree = "<group>"; };
		CA96996F1D30E8B600F2EE9A /* LXVerticalButton.m */ = {isa = PBXFileReference; fileEncoding = 4; lastKnownFileType = sourcecode.c.objc; path = LXVerticalButton.m; sourceTree = "<group>"; };
		CAAF74BD1D2D41B3005B354C /* article_detail.html */ = {isa = PBXFileReference; fileEncoding = 4; lastKnownFileType = text.html; name = article_detail.html; path = "../../我/Model/article_detail.html"; sourceTree = "<group>"; };
		CAAF74BF1D2D41E1005B354C /* define.h */ = {isa = PBXFileReference; lastKnownFileType = sourcecode.c.h; path = define.h; sourceTree = "<group>"; };
		CAAF74C31D2D42FB005B354C /* LXImagModel.h */ = {isa = PBXFileReference; fileEncoding = 4; lastKnownFileType = sourcecode.c.h; name = LXImagModel.h; path = "../../我/Model/LXImagModel.h"; sourceTree = "<group>"; };
		CAAF74C41D2D42FB005B354C /* LXImagModel.m */ = {isa = PBXFileReference; fileEncoding = 4; lastKnownFileType = sourcecode.c.objc; name = LXImagModel.m; path = "../../我/Model/LXImagModel.m"; sourceTree = "<group>"; };
		CAAF74C61D2D4310005B354C /* LXDetailModel.h */ = {isa = PBXFileReference; fileEncoding = 4; lastKnownFileType = sourcecode.c.h; name = LXDetailModel.h; path = "../../我/Model/LXDetailModel.h"; sourceTree = "<group>"; };
		CAAF74C71D2D4310005B354C /* LXDetailModel.m */ = {isa = PBXFileReference; fileEncoding = 4; lastKnownFileType = sourcecode.c.objc; name = LXDetailModel.m; path = "../../我/Model/LXDetailModel.m"; sourceTree = "<group>"; };
		CAAF74F71D2D52D7005B354C /* articleModel.h */ = {isa = PBXFileReference; fileEncoding = 4; lastKnownFileType = sourcecode.c.h; path = articleModel.h; sourceTree = "<group>"; };
		CAAF74F81D2D52D7005B354C /* articleModel.m */ = {isa = PBXFileReference; fileEncoding = 4; lastKnownFileType = sourcecode.c.objc; path = articleModel.m; sourceTree = "<group>"; };
		CAB660711D2B440800934F27 /* AppDelegate.h */ = {isa = PBXFileReference; fileEncoding = 4; lastKnownFileType = sourcecode.c.h; path = AppDelegate.h; sourceTree = "<group>"; };
		CAB660721D2B440800934F27 /* AppDelegate.m */ = {isa = PBXFileReference; fileEncoding = 4; lastKnownFileType = sourcecode.c.objc; path = AppDelegate.m; sourceTree = "<group>"; };
		CAB660741D2B440800934F27 /* UIBarButtonItem+LXbtn.h */ = {isa = PBXFileReference; fileEncoding = 4; lastKnownFileType = sourcecode.c.h; path = "UIBarButtonItem+LXbtn.h"; sourceTree = "<group>"; };
		CAB660751D2B440800934F27 /* UIBarButtonItem+LXbtn.m */ = {isa = PBXFileReference; fileEncoding = 4; lastKnownFileType = sourcecode.c.objc; path = "UIBarButtonItem+LXbtn.m"; sourceTree = "<group>"; };
		CAB660761D2B440800934F27 /* UIView+LXExtension.h */ = {isa = PBXFileReference; fileEncoding = 4; lastKnownFileType = sourcecode.c.h; path = "UIView+LXExtension.h"; sourceTree = "<group>"; };
		CAB660771D2B440800934F27 /* UIView+LXExtension.m */ = {isa = PBXFileReference; fileEncoding = 4; lastKnownFileType = sourcecode.c.objc; path = "UIView+LXExtension.m"; sourceTree = "<group>"; };
		CAB660791D2B440800934F27 /* LXTabBarController.h */ = {isa = PBXFileReference; fileEncoding = 4; lastKnownFileType = sourcecode.c.h; path = LXTabBarController.h; sourceTree = "<group>"; };
		CAB6607A1D2B440800934F27 /* LXTabBarController.m */ = {isa = PBXFileReference; fileEncoding = 4; lastKnownFileType = sourcecode.c.objc; path = LXTabBarController.m; sourceTree = "<group>"; };
		CAB6607B1D2B440800934F27 /* PrefixHeader.pch */ = {isa = PBXFileReference; fileEncoding = 4; lastKnownFileType = sourcecode.c.h; path = PrefixHeader.pch; sourceTree = "<group>"; };
		CAB6607D1D2B440800934F27 /* LXTabBar.h */ = {isa = PBXFileReference; fileEncoding = 4; lastKnownFileType = sourcecode.c.h; path = LXTabBar.h; sourceTree = "<group>"; };
		CAB6607E1D2B440800934F27 /* LXTabBar.m */ = {isa = PBXFileReference; fileEncoding = 4; lastKnownFileType = sourcecode.c.objc; path = LXTabBar.m; sourceTree = "<group>"; };
		CAB660811D2B440800934F27 /* meViewController.h */ = {isa = PBXFileReference; fileEncoding = 4; lastKnownFileType = sourcecode.c.h; path = meViewController.h; sourceTree = "<group>"; };
		CAB660821D2B440800934F27 /* meViewController.m */ = {isa = PBXFileReference; fileEncoding = 4; lastKnownFileType = sourcecode.c.objc; path = meViewController.m; sourceTree = "<group>"; };
		CAB660871D2B440800934F27 /* newsViewController.h */ = {isa = PBXFileReference; fileEncoding = 4; lastKnownFileType = sourcecode.c.h; path = newsViewController.h; sourceTree = "<group>"; };
		CAB660881D2B440800934F27 /* newsViewController.m */ = {isa = PBXFileReference; fileEncoding = 4; lastKnownFileType = sourcecode.c.objc; path = newsViewController.m; sourceTree = "<group>"; };
		CAB6608D1D2B440800934F27 /* moviesViewController.h */ = {isa = PBXFileReference; fileEncoding = 4; lastKnownFileType = sourcecode.c.h; path = moviesViewController.h; sourceTree = "<group>"; };
		CAB6608E1D2B440800934F27 /* moviesViewController.m */ = {isa = PBXFileReference; fileEncoding = 4; lastKnownFileType = sourcecode.c.objc; path = moviesViewController.m; sourceTree = "<group>"; };
		CAB660931D2B440800934F27 /* readViewController.h */ = {isa = PBXFileReference; fileEncoding = 4; lastKnownFileType = sourcecode.c.h; path = readViewController.h; sourceTree = "<group>"; };
		CAB660941D2B440800934F27 /* readViewController.m */ = {isa = PBXFileReference; fileEncoding = 4; lastKnownFileType = sourcecode.c.objc; path = readViewController.m; sourceTree = "<group>"; };
		CAB660CC1D2BCEAF00934F27 /* settingViewController.h */ = {isa = PBXFileReference; fileEncoding = 4; lastKnownFileType = sourcecode.c.h; path = settingViewController.h; sourceTree = "<group>"; };
		CAB660CD1D2BCEAF00934F27 /* settingViewController.m */ = {isa = PBXFileReference; fileEncoding = 4; lastKnownFileType = sourcecode.c.objc; path = settingViewController.m; sourceTree = "<group>"; };
/* End PBXFileReference section */

/* Begin PBXFrameworksBuildPhase section */
		CA8708F11D29538400975289 /* Frameworks */ = {
			isa = PBXFrameworksBuildPhase;
			buildActionMask = 2147483647;
			files = (
				D68D77AF2383F7791503D426 /* libPods-meteorDemo.a in Frameworks */,
			);
			runOnlyForDeploymentPostprocessing = 0;
		};
/* End PBXFrameworksBuildPhase section */

/* Begin PBXGroup section */
		5AF5E2618FD100BA6E734739 /* Pods */ = {
			isa = PBXGroup;
			children = (
				6CE126698F7DC176EDDCD869 /* Pods-meteorDemo.debug.xcconfig */,
				A7BD5F7F93422396F51B1F7B /* Pods-meteorDemo.release.xcconfig */,
			);
			name = Pods;
			sourceTree = "<group>";
		};
		C05E8F2F86A19BE7A43EE414 /* Frameworks */ = {
			isa = PBXGroup;
			children = (
				2FEBE50697F22A9988E61C26 /* libPods-meteorDemo.a */,
			);
			name = Frameworks;
			sourceTree = "<group>";
		};
		CA1B990D1D309FB800E196EC /* 发布按钮 */ = {
			isa = PBXGroup;
			children = (
				CA9699681D30BC8900F2EE9A /* LXPublishViewController.h */,
				CA9699691D30BC8900F2EE9A /* LXPublishViewController.m */,
				CA96996A1D30BC8900F2EE9A /* LXPublishViewController.xib */,
			);
			name = "发布按钮";
			sourceTree = "<group>";
		};
		CA6EBD431D2FD04E009B64B2 /* View */ = {
			isa = PBXGroup;
			children = (
				CA6EBD441D2FD04E009B64B2 /* baseView */,
				CA6EBD4A1D2FD04E009B64B2 /* 创投 */,
				CA6EBD4D1D2FD04E009B64B2 /* 技术 */,
				CA6EBD501D2FD04E009B64B2 /* 推荐 */,
				CA6EBD531D2FD04E009B64B2 /* 数码 */,
				CA6EBD561D2FD04E009B64B2 /* 文章 */,
				CA6EBD5A1D2FD04E009B64B2 /* 热门 */,
				CA6EBD5D1D2FD04E009B64B2 /* 科技 */,
				CA6EBD601D2FD04E009B64B2 /* 营销 */,
				CA6EBD631D2FD04E009B64B2 /* 设计 */,
			);
			path = View;
			sourceTree = "<group>";
		};
		CA6EBD441D2FD04E009B64B2 /* baseView */ = {
			isa = PBXGroup;
			children = (
				CA6EBD451D2FD04E009B64B2 /* baseView.h */,
				CA6EBD461D2FD04E009B64B2 /* baseView.m */,
			);
			path = baseView;
			sourceTree = "<group>";
		};
		CA6EBD471D2FD04E009B64B2 /* 自定义Scrollview */ = {
			isa = PBXGroup;
			children = (
				CA6EBD481D2FD04E009B64B2 /* XLScrollViewer.h */,
				CA6EBD491D2FD04E009B64B2 /* XLScrollViewer.m */,
			);
			name = "自定义Scrollview";
			path = "../../文章/View/scrollView";
			sourceTree = "<group>";
		};
		CA6EBD4A1D2FD04E009B64B2 /* 创投 */ = {
			isa = PBXGroup;
			children = (
				CA6EBD4B1D2FD04E009B64B2 /* build.h */,
				CA6EBD4C1D2FD04E009B64B2 /* build.m */,
			);
			path = "创投";
			sourceTree = "<group>";
		};
		CA6EBD4D1D2FD04E009B64B2 /* 技术 */ = {
			isa = PBXGroup;
			children = (
				CA6EBD4E1D2FD04E009B64B2 /* technology.h */,
				CA6EBD4F1D2FD04E009B64B2 /* technology.m */,
			);
			path = "技术";
			sourceTree = "<group>";
		};
		CA6EBD501D2FD04E009B64B2 /* 推荐 */ = {
			isa = PBXGroup;
			children = (
				CA6EBD511D2FD04E009B64B2 /* recommend.h */,
				CA6EBD521D2FD04E009B64B2 /* recommend.m */,
			);
			path = "推荐";
			sourceTree = "<group>";
		};
		CA6EBD531D2FD04E009B64B2 /* 数码 */ = {
			isa = PBXGroup;
			children = (
				CA6EBD541D2FD04E009B64B2 /* digital.h */,
				CA6EBD551D2FD04E009B64B2 /* digital.m */,
			);
			path = "数码";
			sourceTree = "<group>";
		};
		CA6EBD561D2FD04E009B64B2 /* 文章 */ = {
			isa = PBXGroup;
			children = (
				CA6EBD571D2FD04E009B64B2 /* articleTableViewCell.h */,
				CA6EBD581D2FD04E009B64B2 /* articleTableViewCell.m */,
				CA6EBD591D2FD04E009B64B2 /* articleTableViewCell.xib */,
			);
			path = "文章";
			sourceTree = "<group>";
		};
		CA6EBD5A1D2FD04E009B64B2 /* 热门 */ = {
			isa = PBXGroup;
			children = (
				CA6EBD5B1D2FD04E009B64B2 /* hotView.h */,
				CA6EBD5C1D2FD04E009B64B2 /* hotView.m */,
			);
			path = "热门";
			sourceTree = "<group>";
		};
		CA6EBD5D1D2FD04E009B64B2 /* 科技 */ = {
			isa = PBXGroup;
			children = (
				CA6EBD5E1D2FD04E009B64B2 /* science.h */,
				CA6EBD5F1D2FD04E009B64B2 /* science.m */,
			);
			path = "科技";
			sourceTree = "<group>";
		};
		CA6EBD601D2FD04E009B64B2 /* 营销 */ = {
			isa = PBXGroup;
			children = (
				CA6EBD611D2FD04E009B64B2 /* sale.h */,
				CA6EBD621D2FD04E009B64B2 /* sale.m */,
			);
			path = "营销";
			sourceTree = "<group>";
		};
		CA6EBD631D2FD04E009B64B2 /* 设计 */ = {
			isa = PBXGroup;
			children = (
				CA6EBD641D2FD04E009B64B2 /* design.h */,
				CA6EBD651D2FD04E009B64B2 /* design.m */,
			);
			path = "设计";
			sourceTree = "<group>";
		};
		CA8708EB1D29538400975289 = {
			isa = PBXGroup;
			children = (
				CA8708F61D29538500975289 /* meteorDemo */,
				CA8708F51D29538500975289 /* Products */,
				5AF5E2618FD100BA6E734739 /* Pods */,
				C05E8F2F86A19BE7A43EE414 /* Frameworks */,
			);
			sourceTree = "<group>";
		};
		CA8708F51D29538500975289 /* Products */ = {
			isa = PBXGroup;
			children = (
				CA8708F41D29538500975289 /* meteorDemo.app */,
			);
			name = Products;
			sourceTree = "<group>";
		};
		CA8708F61D29538500975289 /* meteorDemo */ = {
			isa = PBXGroup;
			children = (
				CAB6606F1D2B440800934F27 /* classes */,
				CA8708F71D29538500975289 /* Supporting Files */,
			);
			path = meteorDemo;
			sourceTree = "<group>";
		};
		CA8708F71D29538500975289 /* Supporting Files */ = {
			isa = PBXGroup;
			children = (
				CA9598221D33368400F6EA10 /* Assets.xcassets */,
				CA8709081D29538500975289 /* Info.plist */,
				CA8708F81D29538500975289 /* main.m */,
			);
			name = "Supporting Files";
			sourceTree = "<group>";
		};
		CA96996D1D30E89700F2EE9A /* 自定义button */ = {
			isa = PBXGroup;
			children = (
				CA96996E1D30E8B600F2EE9A /* LXVerticalButton.h */,
				CA96996F1D30E8B600F2EE9A /* LXVerticalButton.m */,
			);
			name = "自定义button";
			sourceTree = "<group>";
		};
		CAB6606F1D2B440800934F27 /* classes */ = {
			isa = PBXGroup;
			children = (
				CAB660701D2B440800934F27 /* 公共的 */,
				CAB6607F1D2B440800934F27 /* 我 */,
				CAB660851D2B440800934F27 /* 文章 */,
				CAB6608B1D2B440800934F27 /* 视频 */,
				CAB660911D2B440800934F27 /* 趣闻 */,
			);
			path = classes;
			sourceTree = "<group>";
		};
		CAB660701D2B440800934F27 /* 公共的 */ = {
			isa = PBXGroup;
			children = (
				CAB660711D2B440800934F27 /* AppDelegate.h */,
				CAB660721D2B440800934F27 /* AppDelegate.m */,
				CAB660731D2B440800934F27 /* category */,
				CAB660781D2B440800934F27 /* controller */,
				CAB6607B1D2B440800934F27 /* PrefixHeader.pch */,
				CAAF74BF1D2D41E1005B354C /* define.h */,
				CAB6607C1D2B440800934F27 /* view */,
			);
			path = "公共的";
			sourceTree = "<group>";
		};
		CAB660731D2B440800934F27 /* category */ = {
			isa = PBXGroup;
			children = (
				CAB660741D2B440800934F27 /* UIBarButtonItem+LXbtn.h */,
				CAB660751D2B440800934F27 /* UIBarButtonItem+LXbtn.m */,
				CAB660761D2B440800934F27 /* UIView+LXExtension.h */,
				CAB660771D2B440800934F27 /* UIView+LXExtension.m */,
			);
			path = category;
			sourceTree = "<group>";
		};
		CAB660781D2B440800934F27 /* controller */ = {
			isa = PBXGroup;
			children = (
				CAB660791D2B440800934F27 /* LXTabBarController.h */,
				CAB6607A1D2B440800934F27 /* LXTabBarController.m */,
			);
			path = controller;
			sourceTree = "<group>";
		};
		CAB6607C1D2B440800934F27 /* view */ = {
			isa = PBXGroup;
			children = (
				CA6EBD471D2FD04E009B64B2 /* 自定义Scrollview */,
				CA96996D1D30E89700F2EE9A /* 自定义button */,
				CA1B990D1D309FB800E196EC /* 发布按钮 */,
				CAB6607D1D2B440800934F27 /* LXTabBar.h */,
				CAB6607E1D2B440800934F27 /* LXTabBar.m */,
			);
			path = view;
			sourceTree = "<group>";
		};
		CAB6607F1D2B440800934F27 /* 我 */ = {
			isa = PBXGroup;
			children = (
				CAB660801D2B440800934F27 /* Controller */,
				CAB660831D2B440800934F27 /* Model */,
				CAB660841D2B440800934F27 /* View */,
			);
			path = "我";
			sourceTree = "<group>";
		};
		CAB660801D2B440800934F27 /* Controller */ = {
			isa = PBXGroup;
			children = (
				CAB660811D2B440800934F27 /* meViewController.h */,
				CAB660821D2B440800934F27 /* meViewController.m */,
				CAB660CC1D2BCEAF00934F27 /* settingViewController.h */,
				CAB660CD1D2BCEAF00934F27 /* settingViewController.m */,
			);
			path = Controller;
			sourceTree = "<group>";
		};
		CAB660831D2B440800934F27 /* Model */ = {
			isa = PBXGroup;
			children = (
			);
			path = Model;
			sourceTree = "<group>";
		};
		CAB660841D2B440800934F27 /* View */ = {
			isa = PBXGroup;
			children = (
			);
			path = View;
			sourceTree = "<group>";
		};
		CAB660851D2B440800934F27 /* 文章 */ = {
			isa = PBXGroup;
			children = (
				CAB660861D2B440800934F27 /* Controller */,
				CAB660891D2B440800934F27 /* Model */,
				CA6EBD431D2FD04E009B64B2 /* View */,
			);
			path = "文章";
			sourceTree = "<group>";
		};
		CAB660861D2B440800934F27 /* Controller */ = {
			isa = PBXGroup;
			children = (
				CAB660871D2B440800934F27 /* newsViewController.h */,
				CAB660881D2B440800934F27 /* newsViewController.m */,
				CA6EBD721D2FD0D0009B64B2 /* LXArticalViewController.h */,
				CA6EBD731D2FD0D0009B64B2 /* LXArticalViewController.m */,
			);
			path = Controller;
			sourceTree = "<group>";
		};
		CAB660891D2B440800934F27 /* Model */ = {
			isa = PBXGroup;
			children = (
				CAAF74F71D2D52D7005B354C /* articleModel.h */,
				CAAF74F81D2D52D7005B354C /* articleModel.m */,
				CAAF74BD1D2D41B3005B354C /* article_detail.html */,
				CAAF74C31D2D42FB005B354C /* LXImagModel.h */,
				CAAF74C41D2D42FB005B354C /* LXImagModel.m */,
				CAAF74C61D2D4310005B354C /* LXDetailModel.h */,
				CAAF74C71D2D4310005B354C /* LXDetailModel.m */,
			);
			path = Model;
			sourceTree = "<group>";
		};
		CAB6608B1D2B440800934F27 /* 视频 */ = {
			isa = PBXGroup;
			children = (
				CAB6608C1D2B440800934F27 /* Controller */,
				CAB6608F1D2B440800934F27 /* Model */,
				CAB660901D2B440800934F27 /* View */,
			);
			path = "视频";
			sourceTree = "<group>";
		};
		CAB6608C1D2B440800934F27 /* Controller */ = {
			isa = PBXGroup;
			children = (
				CAB6608D1D2B440800934F27 /* moviesViewController.h */,
				CAB6608E1D2B440800934F27 /* moviesViewController.m */,
			);
			path = Controller;
			sourceTree = "<group>";
		};
		CAB6608F1D2B440800934F27 /* Model */ = {
			isa = PBXGroup;
			children = (
			);
			path = Model;
			sourceTree = "<group>";
		};
		CAB660901D2B440800934F27 /* View */ = {
			isa = PBXGroup;
			children = (
			);
			path = View;
			sourceTree = "<group>";
		};
		CAB660911D2B440800934F27 /* 趣闻 */ = {
			isa = PBXGroup;
			children = (
				CAB660921D2B440800934F27 /* Controller */,
				CAB660951D2B440800934F27 /* Model */,
				CAB660961D2B440800934F27 /* View */,
			);
			name = "趣闻";
			path = "阅读";
			sourceTree = "<group>";
		};
		CAB660921D2B440800934F27 /* Controller */ = {
			isa = PBXGroup;
			children = (
				CAB660931D2B440800934F27 /* readViewController.h */,
				CAB660941D2B440800934F27 /* readViewController.m */,
			);
			path = Controller;
			sourceTree = "<group>";
		};
		CAB660951D2B440800934F27 /* Model */ = {
			isa = PBXGroup;
			children = (
				CA9598291D337F5F00F6EA10 /* LXRecommendTag.h */,
				CA95982A1D337F5F00F6EA10 /* LXRecommendTag.m */,
				CA95982C1D33CB2300F6EA10 /* LXTopic.h */,
				CA95982D1D33CB2300F6EA10 /* LXTopic.m */,
			);
			path = Model;
			sourceTree = "<group>";
		};
		CAB660961D2B440800934F27 /* View */ = {
			isa = PBXGroup;
			children = (
				CA9598241D334B0A00F6EA10 /* LXRecommendTagCell.h */,
				CA9598251D334B0A00F6EA10 /* LXRecommendTagCell.m */,
				CA9598271D334B1C00F6EA10 /* LXRecommendTagCell.xib */,
				CA95982F1D33CC7D00F6EA10 /* LXTopicCell.h */,
				CA9598301D33CC7D00F6EA10 /* LXTopicCell.m */,
				CA9598311D33CC7D00F6EA10 /* LXTopicCell.xib */,
			);
			path = View;
			sourceTree = "<group>";
		};
/* End PBXGroup section */

/* Begin PBXNativeTarget section */
		CA8708F31D29538400975289 /* meteorDemo */ = {
			isa = PBXNativeTarget;
			buildConfigurationList = CA87090B1D29538500975289 /* Build configuration list for PBXNativeTarget "meteorDemo" */;
			buildPhases = (
				F58FFA2311151091EDF4064E /* [CP] Check Pods Manifest.lock */,
				CA8708F01D29538400975289 /* Sources */,
				CA8708F11D29538400975289 /* Frameworks */,
				CA8708F21D29538400975289 /* Resources */,
				992872939D99332B5668D740 /* [CP] Embed Pods Frameworks */,
				536686B5D558C155623A8EA4 /* [CP] Copy Pods Resources */,
			);
			buildRules = (
			);
			dependencies = (
			);
			name = meteorDemo;
			productName = meteorDemo;
			productReference = CA8708F41D29538500975289 /* meteorDemo.app */;
			productType = "com.apple.product-type.application";
		};
/* End PBXNativeTarget section */

/* Begin PBXProject section */
		CA8708EC1D29538400975289 /* Project object */ = {
			isa = PBXProject;
			attributes = {
				LastUpgradeCheck = 0730;
				ORGANIZATIONNAME = liuxing;
				TargetAttributes = {
					CA8708F31D29538400975289 = {
						CreatedOnToolsVersion = 7.3.1;
					};
				};
			};
			buildConfigurationList = CA8708EF1D29538400975289 /* Build configuration list for PBXProject "meteorDemo" */;
			compatibilityVersion = "Xcode 3.2";
			developmentRegion = English;
			hasScannedForEncodings = 0;
			knownRegions = (
				en,
				Base,
			);
			mainGroup = CA8708EB1D29538400975289;
			productRefGroup = CA8708F51D29538500975289 /* Products */;
			projectDirPath = "";
			projectRoot = "";
			targets = (
				CA8708F31D29538400975289 /* meteorDemo */,
			);
		};
/* End PBXProject section */

/* Begin PBXResourcesBuildPhase section */
		CA8708F21D29538400975289 /* Resources */ = {
			isa = PBXResourcesBuildPhase;
			buildActionMask = 2147483647;
			files = (
				CA6EBD6D1D2FD04E009B64B2 /* articleTableViewCell.xib in Resources */,
				CAAF74BE1D2D41B3005B354C /* article_detail.html in Resources */,
				CA9598231D33368400F6EA10 /* Assets.xcassets in Resources */,
				CA9598331D33CC7D00F6EA10 /* LXTopicCell.xib in Resources */,
				CA96996C1D30BC8900F2EE9A /* LXPublishViewController.xib in Resources */,
				CA9598281D334B1C00F6EA10 /* LXRecommendTagCell.xib in Resources */,
			);
			runOnlyForDeploymentPostprocessing = 0;
		};
/* End PBXResourcesBuildPhase section */

/* Begin PBXShellScriptBuildPhase section */
		536686B5D558C155623A8EA4 /* [CP] Copy Pods Resources */ = {
			isa = PBXShellScriptBuildPhase;
			buildActionMask = 2147483647;
			files = (
			);
			inputPaths = (
			);
			name = "[CP] Copy Pods Resources";
			outputPaths = (
			);
			runOnlyForDeploymentPostprocessing = 0;
			shellPath = /bin/sh;
			shellScript = "\"${SRCROOT}/Pods/Target Support Files/Pods-meteorDemo/Pods-meteorDemo-resources.sh\"\n";
			showEnvVarsInLog = 0;
		};
		992872939D99332B5668D740 /* [CP] Embed Pods Frameworks */ = {
			isa = PBXShellScriptBuildPhase;
			buildActionMask = 2147483647;
			files = (
			);
			inputPaths = (
			);
			name = "[CP] Embed Pods Frameworks";
			outputPaths = (
			);
			runOnlyForDeploymentPostprocessing = 0;
			shellPath = /bin/sh;
			shellScript = "\"${SRCROOT}/Pods/Target Support Files/Pods-meteorDemo/Pods-meteorDemo-frameworks.sh\"\n";
			showEnvVarsInLog = 0;
		};
		F58FFA2311151091EDF4064E /* [CP] Check Pods Manifest.lock */ = {
			isa = PBXShellScriptBuildPhase;
			buildActionMask = 2147483647;
			files = (
			);
			inputPaths = (
			);
			name = "[CP] Check Pods Manifest.lock";
			outputPaths = (
			);
			runOnlyForDeploymentPostprocessing = 0;
			shellPath = /bin/sh;
			shellScript = "diff \"${PODS_ROOT}/../Podfile.lock\" \"${PODS_ROOT}/Manifest.lock\" > /dev/null\nif [[ $? != 0 ]] ; then\n    cat << EOM\nerror: The sandbox is not in sync with the Podfile.lock. Run 'pod install' or update your CocoaPods installation.\nEOM\n    exit 1\nfi\n";
			showEnvVarsInLog = 0;
		};
/* End PBXShellScriptBuildPhase section */

/* Begin PBXSourcesBuildPhase section */
		CA8708F01D29538400975289 /* Sources */ = {
			isa = PBXSourcesBuildPhase;
			buildActionMask = 2147483647;
			files = (
				CA6EBD671D2FD04E009B64B2 /* XLScrollViewer.m in Sources */,
				CAAF74C81D2D4310005B354C /* LXDetailModel.m in Sources */,
				CA6EBD6C1D2FD04E009B64B2 /* articleTableViewCell.m in Sources */,
				CAB660991D2B440800934F27 /* UIView+LXExtension.m in Sources */,
				CAB6609B1D2B440800934F27 /* LXTabBar.m in Sources */,
				CA96996B1D30BC8900F2EE9A /* LXPublishViewController.m in Sources */,
				CAB660981D2B440800934F27 /* UIBarButtonItem+LXbtn.m in Sources */,
				CAAF74C51D2D42FB005B354C /* LXImagModel.m in Sources */,
				CAB6609D1D2B440800934F27 /* newsViewController.m in Sources */,
				CA6EBD711D2FD04E009B64B2 /* design.m in Sources */,
				CA9598261D334B0A00F6EA10 /* LXRecommendTagCell.m in Sources */,
				CA9598321D33CC7D00F6EA10 /* LXTopicCell.m in Sources */,
				CA6EBD741D2FD0D0009B64B2 /* LXArticalViewController.m in Sources */,
				CAB6609F1D2B440800934F27 /* readViewController.m in Sources */,
				CA95982E1D33CB2300F6EA10 /* LXTopic.m in Sources */,
				CAAF74F91D2D52D7005B354C /* articleModel.m in Sources */,
				CAB660CE1D2BCEAF00934F27 /* settingViewController.m in Sources */,
				CA6EBD6B1D2FD04E009B64B2 /* digital.m in Sources */,
				CAB6609A1D2B440800934F27 /* LXTabBarController.m in Sources */,
				CAB6609C1D2B440800934F27 /* meViewController.m in Sources */,
				CAB6609E1D2B440800934F27 /* moviesViewController.m in Sources */,
				CA95982B1D337F5F00F6EA10 /* LXRecommendTag.m in Sources */,
				CAB660971D2B440800934F27 /* AppDelegate.m in Sources */,
				CA9699701D30E8B600F2EE9A /* LXVerticalButton.m in Sources */,
				CA6EBD661D2FD04E009B64B2 /* baseView.m in Sources */,
				CA6EBD681D2FD04E009B64B2 /* build.m in Sources */,
				CA6EBD6A1D2FD04E009B64B2 /* recommend.m in Sources */,
				CA6EBD6F1D2FD04E009B64B2 /* science.m in Sources */,
				CA8708F91D29538500975289 /* main.m in Sources */,
				CA6EBD6E1D2FD04E009B64B2 /* hotView.m in Sources */,
				CA6EBD701D2FD04E009B64B2 /* sale.m in Sources */,
				CA6EBD691D2FD04E009B64B2 /* technology.m in Sources */,
			);
			runOnlyForDeploymentPostprocessing = 0;
		};
/* End PBXSourcesBuildPhase section */

/* Begin XCBuildConfiguration section */
		CA8709091D29538500975289 /* Debug */ = {
			isa = XCBuildConfiguration;
			buildSettings = {
				ALWAYS_SEARCH_USER_PATHS = NO;
				CLANG_ANALYZER_NONNULL = YES;
				CLANG_CXX_LANGUAGE_STANDARD = "gnu++0x";
				CLANG_CXX_LIBRARY = "libc++";
				CLANG_ENABLE_MODULES = YES;
				CLANG_ENABLE_OBJC_ARC = YES;
				CLANG_WARN_BOOL_CONVERSION = YES;
				CLANG_WARN_CONSTANT_CONVERSION = YES;
				CLANG_WARN_DIRECT_OBJC_ISA_USAGE = YES_ERROR;
				CLANG_WARN_EMPTY_BODY = YES;
				CLANG_WARN_ENUM_CONVERSION = YES;
				CLANG_WARN_INT_CONVERSION = YES;
				CLANG_WARN_OBJC_ROOT_CLASS = YES_ERROR;
				CLANG_WARN_UNREACHABLE_CODE = YES;
				CLANG_WARN__DUPLICATE_METHOD_MATCH = YES;
				"CODE_SIGN_IDENTITY[sdk=iphoneos*]" = "iPhone Developer";
				COPY_PHASE_STRIP = NO;
				DEBUG_INFORMATION_FORMAT = dwarf;
				ENABLE_STRICT_OBJC_MSGSEND = YES;
				ENABLE_TESTABILITY = YES;
				GCC_C_LANGUAGE_STANDARD = gnu99;
				GCC_DYNAMIC_NO_PIC = NO;
				GCC_NO_COMMON_BLOCKS = YES;
				GCC_OPTIMIZATION_LEVEL = 0;
				GCC_PREPROCESSOR_DEFINITIONS = (
					"DEBUG=1",
					"$(inherited)",
				);
				GCC_WARN_64_TO_32_BIT_CONVERSION = YES;
				GCC_WARN_ABOUT_RETURN_TYPE = YES_ERROR;
				GCC_WARN_UNDECLARED_SELECTOR = YES;
				GCC_WARN_UNINITIALIZED_AUTOS = YES_AGGRESSIVE;
				GCC_WARN_UNUSED_FUNCTION = YES;
				GCC_WARN_UNUSED_VARIABLE = YES;
				IPHONEOS_DEPLOYMENT_TARGET = 9.3;
				MTL_ENABLE_DEBUG_INFO = YES;
				ONLY_ACTIVE_ARCH = YES;
				SDKROOT = iphoneos;
			};
			name = Debug;
		};
		CA87090A1D29538500975289 /* Release */ = {
			isa = XCBuildConfiguration;
			buildSettings = {
				ALWAYS_SEARCH_USER_PATHS = NO;
				CLANG_ANALYZER_NONNULL = YES;
				CLANG_CXX_LANGUAGE_STANDARD = "gnu++0x";
				CLANG_CXX_LIBRARY = "libc++";
				CLANG_ENABLE_MODULES = YES;
				CLANG_ENABLE_OBJC_ARC = YES;
				CLANG_WARN_BOOL_CONVERSION = YES;
				CLANG_WARN_CONSTANT_CONVERSION = YES;
				CLANG_WARN_DIRECT_OBJC_ISA_USAGE = YES_ERROR;
				CLANG_WARN_EMPTY_BODY = YES;
				CLANG_WARN_ENUM_CONVERSION = YES;
				CLANG_WARN_INT_CONVERSION = YES;
				CLANG_WARN_OBJC_ROOT_CLASS = YES_ERROR;
				CLANG_WARN_UNREACHABLE_CODE = YES;
				CLANG_WARN__DUPLICATE_METHOD_MATCH = YES;
				"CODE_SIGN_IDENTITY[sdk=iphoneos*]" = "iPhone Developer";
				COPY_PHASE_STRIP = NO;
				DEBUG_INFORMATION_FORMAT = "dwarf-with-dsym";
				ENABLE_NS_ASSERTIONS = NO;
				ENABLE_STRICT_OBJC_MSGSEND = YES;
				GCC_C_LANGUAGE_STANDARD = gnu99;
				GCC_NO_COMMON_BLOCKS = YES;
				GCC_WARN_64_TO_32_BIT_CONVERSION = YES;
				GCC_WARN_ABOUT_RETURN_TYPE = YES_ERROR;
				GCC_WARN_UNDECLARED_SELECTOR = YES;
				GCC_WARN_UNINITIALIZED_AUTOS = YES_AGGRESSIVE;
				GCC_WARN_UNUSED_FUNCTION = YES;
				GCC_WARN_UNUSED_VARIABLE = YES;
				IPHONEOS_DEPLOYMENT_TARGET = 9.3;
				MTL_ENABLE_DEBUG_INFO = NO;
				SDKROOT = iphoneos;
				VALIDATE_PRODUCT = YES;
			};
			name = Release;
		};
		CA87090C1D29538500975289 /* Debug */ = {
			isa = XCBuildConfiguration;
			baseConfigurationReference = 6CE126698F7DC176EDDCD869 /* Pods-meteorDemo.debug.xcconfig */;
			buildSettings = {
				ASSETCATALOG_COMPILER_APPICON_NAME = AppIcon;
				ASSETCATALOG_COMPILER_LAUNCHIMAGE_NAME = LaunchImage;
				GCC_PREFIX_HEADER = "$(SRCROOT)/meteorDemo/classes/公共的/PrefixHeader.pch";
				INFOPLIST_FILE = meteorDemo/Info.plist;
				IPHONEOS_DEPLOYMENT_TARGET = 9.3;
				LD_RUNPATH_SEARCH_PATHS = "$(inherited) @executable_path/Frameworks";
				ONLY_ACTIVE_ARCH = YES;
				PRODUCT_BUNDLE_IDENTIFIER = "https---github.com-github.meteorDemo";
				PRODUCT_NAME = "$(TARGET_NAME)";
				VALID_ARCHS = "armv7 armv7s arm64";
			};
			name = Debug;
		};
		CA87090D1D29538500975289 /* Release */ = {
			isa = XCBuildConfiguration;
			baseConfigurationReference = A7BD5F7F93422396F51B1F7B /* Pods-meteorDemo.release.xcconfig */;
			buildSettings = {
				ASSETCATALOG_COMPILER_APPICON_NAME = AppIcon;
				ASSETCATALOG_COMPILER_LAUNCHIMAGE_NAME = LaunchImage;
				GCC_PREFIX_HEADER = "$(SRCROOT)/meteorDemo/classes/公共的/PrefixHeader.pch";
				INFOPLIST_FILE = meteorDemo/Info.plist;
				IPHONEOS_DEPLOYMENT_TARGET = 9.3;
				LD_RUNPATH_SEARCH_PATHS = "$(inherited) @executable_path/Frameworks";
				ONLY_ACTIVE_ARCH = YES;
				PRODUCT_BUNDLE_IDENTIFIER = "https---github.com-github.meteorDemo";
				PRODUCT_NAME = "$(TARGET_NAME)";
				VALID_ARCHS = "armv7 armv7s arm64";
			};
			name = Release;
		};
/* End XCBuildConfiguration section */

/* Begin XCConfigurationList section */
		CA8708EF1D29538400975289 /* Build configuration list for PBXProject "meteorDemo" */ = {
			isa = XCConfigurationList;
			buildConfigurations = (
				CA8709091D29538500975289 /* Debug */,
				CA87090A1D29538500975289 /* Release */,
			);
			defaultConfigurationIsVisible = 0;
			defaultConfigurationName = Release;
		};
		CA87090B1D29538500975289 /* Build configuration list for PBXNativeTarget "meteorDemo" */ = {
			isa = XCConfigurationList;
			buildConfigurations = (
				CA87090C1D29538500975289 /* Debug */,
				CA87090D1D29538500975289 /* Release */,
			);
			defaultConfigurationIsVisible = 0;
			defaultConfigurationName = Release;
		};
/* End XCConfigurationList section */
	};
	rootObject = CA8708EC1D29538400975289 /* Project object */;
}
