// !$*UTF8*$!
{
	archiveVersion = 1;
	classes = {
	};
	objectVersion = 46;
	objects = {

/* Begin PBXBuildFile section */
		CA069E921D2A5D6500A917DB /* UIView+LXExtension.m in Sources */ = {isa = PBXBuildFile; fileRef = CA069E911D2A5D6500A917DB /* UIView+LXExtension.m */; };
		CA8708F91D29538500975289 /* main.m in Sources */ = {isa = PBXBuildFile; fileRef = CA8708F81D29538500975289 /* main.m */; };
		CA8708FC1D29538500975289 /* AppDelegate.m in Sources */ = {isa = PBXBuildFile; fileRef = CA8708FB1D29538500975289 /* AppDelegate.m */; };
		CA8709041D29538500975289 /* Assets.xcassets in Resources */ = {isa = PBXBuildFile; fileRef = CA8709031D29538500975289 /* Assets.xcassets */; };
		CA8709101D29582D00975289 /* LXTabBar.m in Sources */ = {isa = PBXBuildFile; fileRef = CA87090F1D29582D00975289 /* LXTabBar.m */; };
		CA8709131D29584D00975289 /* LXTabBarController.m in Sources */ = {isa = PBXBuildFile; fileRef = CA8709121D29584D00975289 /* LXTabBarController.m */; };
		CA8709161D29585F00975289 /* meViewController.m in Sources */ = {isa = PBXBuildFile; fileRef = CA8709151D29585F00975289 /* meViewController.m */; };
		CA8709191D29586D00975289 /* moviesViewController.m in Sources */ = {isa = PBXBuildFile; fileRef = CA8709181D29586D00975289 /* moviesViewController.m */; };
		CA87091C1D29587800975289 /* readViewController.m in Sources */ = {isa = PBXBuildFile; fileRef = CA87091B1D29587800975289 /* readViewController.m */; };
		CA87091F1D29589800975289 /* newsViewController.m in Sources */ = {isa = PBXBuildFile; fileRef = CA87091E1D29589800975289 /* newsViewController.m */; };
		CAA93B971D2A875800EC9FD1 /* UIBarButtonItem+LXbtn.m in Sources */ = {isa = PBXBuildFile; fileRef = CAA93B961D2A875800EC9FD1 /* UIBarButtonItem+LXbtn.m */; };
/* End PBXBuildFile section */

/* Begin PBXFileReference section */
		CA069E8E1D2A5CA800A917DB /* PrefixHeader.pch */ = {isa = PBXFileReference; lastKnownFileType = sourcecode.c.h; path = PrefixHeader.pch; sourceTree = "<group>"; };
		CA069E901D2A5D6500A917DB /* UIView+LXExtension.h */ = {isa = PBXFileReference; fileEncoding = 4; lastKnownFileType = sourcecode.c.h; path = "UIView+LXExtension.h"; sourceTree = "<group>"; };
		CA069E911D2A5D6500A917DB /* UIView+LXExtension.m */ = {isa = PBXFileReference; fileEncoding = 4; lastKnownFileType = sourcecode.c.objc; path = "UIView+LXExtension.m"; sourceTree = "<group>"; };
		CA8708F41D29538500975289 /* meteorDemo.app */ = {isa = PBXFileReference; explicitFileType = wrapper.application; includeInIndex = 0; path = meteorDemo.app; sourceTree = BUILT_PRODUCTS_DIR; };
		CA8708F81D29538500975289 /* main.m */ = {isa = PBXFileReference; lastKnownFileType = sourcecode.c.objc; path = main.m; sourceTree = "<group>"; };
		CA8708FA1D29538500975289 /* AppDelegate.h */ = {isa = PBXFileReference; lastKnownFileType = sourcecode.c.h; path = AppDelegate.h; sourceTree = "<group>"; };
		CA8708FB1D29538500975289 /* AppDelegate.m */ = {isa = PBXFileReference; lastKnownFileType = sourcecode.c.objc; path = AppDelegate.m; sourceTree = "<group>"; };
		CA8709031D29538500975289 /* Assets.xcassets */ = {isa = PBXFileReference; lastKnownFileType = folder.assetcatalog; path = Assets.xcassets; sourceTree = "<group>"; };
		CA8709081D29538500975289 /* Info.plist */ = {isa = PBXFileReference; lastKnownFileType = text.plist.xml; path = Info.plist; sourceTree = "<group>"; };
		CA87090E1D29582D00975289 /* LXTabBar.h */ = {isa = PBXFileReference; fileEncoding = 4; lastKnownFileType = sourcecode.c.h; path = LXTabBar.h; sourceTree = "<group>"; };
		CA87090F1D29582D00975289 /* LXTabBar.m */ = {isa = PBXFileReference; fileEncoding = 4; lastKnownFileType = sourcecode.c.objc; path = LXTabBar.m; sourceTree = "<group>"; };
		CA8709111D29584D00975289 /* LXTabBarController.h */ = {isa = PBXFileReference; fileEncoding = 4; lastKnownFileType = sourcecode.c.h; path = LXTabBarController.h; sourceTree = "<group>"; };
		CA8709121D29584D00975289 /* LXTabBarController.m */ = {isa = PBXFileReference; fileEncoding = 4; lastKnownFileType = sourcecode.c.objc; path = LXTabBarController.m; sourceTree = "<group>"; };
		CA8709141D29585F00975289 /* meViewController.h */ = {isa = PBXFileReference; fileEncoding = 4; lastKnownFileType = sourcecode.c.h; path = meViewController.h; sourceTree = "<group>"; };
		CA8709151D29585F00975289 /* meViewController.m */ = {isa = PBXFileReference; fileEncoding = 4; lastKnownFileType = sourcecode.c.objc; path = meViewController.m; sourceTree = "<group>"; };
		CA8709171D29586D00975289 /* moviesViewController.h */ = {isa = PBXFileReference; fileEncoding = 4; lastKnownFileType = sourcecode.c.h; path = moviesViewController.h; sourceTree = "<group>"; };
		CA8709181D29586D00975289 /* moviesViewController.m */ = {isa = PBXFileReference; fileEncoding = 4; lastKnownFileType = sourcecode.c.objc; path = moviesViewController.m; sourceTree = "<group>"; };
		CA87091A1D29587800975289 /* readViewController.h */ = {isa = PBXFileReference; fileEncoding = 4; lastKnownFileType = sourcecode.c.h; path = readViewController.h; sourceTree = "<group>"; };
		CA87091B1D29587800975289 /* readViewController.m */ = {isa = PBXFileReference; fileEncoding = 4; lastKnownFileType = sourcecode.c.objc; path = readViewController.m; sourceTree = "<group>"; };
		CA87091D1D29589800975289 /* newsViewController.h */ = {isa = PBXFileReference; fileEncoding = 4; lastKnownFileType = sourcecode.c.h; path = newsViewController.h; sourceTree = "<group>"; };
		CA87091E1D29589800975289 /* newsViewController.m */ = {isa = PBXFileReference; fileEncoding = 4; lastKnownFileType = sourcecode.c.objc; path = newsViewController.m; sourceTree = "<group>"; };
		CAA93B951D2A875800EC9FD1 /* UIBarButtonItem+LXbtn.h */ = {isa = PBXFileReference; fileEncoding = 4; lastKnownFileType = sourcecode.c.h; path = "UIBarButtonItem+LXbtn.h"; sourceTree = "<group>"; };
		CAA93B961D2A875800EC9FD1 /* UIBarButtonItem+LXbtn.m */ = {isa = PBXFileReference; fileEncoding = 4; lastKnownFileType = sourcecode.c.objc; path = "UIBarButtonItem+LXbtn.m"; sourceTree = "<group>"; };
/* End PBXFileReference section */

/* Begin PBXFrameworksBuildPhase section */
		CA8708F11D29538400975289 /* Frameworks */ = {
			isa = PBXFrameworksBuildPhase;
			buildActionMask = 2147483647;
			files = (
			);
			runOnlyForDeploymentPostprocessing = 0;
		};
/* End PBXFrameworksBuildPhase section */

/* Begin PBXGroup section */
		CA8708EB1D29538400975289 = {
			isa = PBXGroup;
			children = (
				CA8708F61D29538500975289 /* meteorDemo */,
				CA8708F51D29538500975289 /* Products */,
			);
			sourceTree = "<group>";
		};
		CA8708F51D29538500975289 /* Products */ = {
			isa = PBXGroup;
			children = (
				CA8708F41D29538500975289 /* meteorDemo.app */,
			);
			name = Products;
			sourceTree = "<group>";
		};
		CA8708F61D29538500975289 /* meteorDemo */ = {
			isa = PBXGroup;
			children = (
				CA8708FA1D29538500975289 /* AppDelegate.h */,
				CA8708FB1D29538500975289 /* AppDelegate.m */,
				CA87091D1D29589800975289 /* newsViewController.h */,
				CA87091E1D29589800975289 /* newsViewController.m */,
				CA87091A1D29587800975289 /* readViewController.h */,
				CA87091B1D29587800975289 /* readViewController.m */,
				CA8709171D29586D00975289 /* moviesViewController.h */,
				CA8709181D29586D00975289 /* moviesViewController.m */,
				CA8709141D29585F00975289 /* meViewController.h */,
				CA8709151D29585F00975289 /* meViewController.m */,
				CA8709111D29584D00975289 /* LXTabBarController.h */,
				CA8709121D29584D00975289 /* LXTabBarController.m */,
				CA87090E1D29582D00975289 /* LXTabBar.h */,
				CA87090F1D29582D00975289 /* LXTabBar.m */,
				CA069E901D2A5D6500A917DB /* UIView+LXExtension.h */,
				CA069E911D2A5D6500A917DB /* UIView+LXExtension.m */,
				CAA93B951D2A875800EC9FD1 /* UIBarButtonItem+LXbtn.h */,
				CAA93B961D2A875800EC9FD1 /* UIBarButtonItem+LXbtn.m */,
				CA069E8E1D2A5CA800A917DB /* PrefixHeader.pch */,
				CA8708F71D29538500975289 /* Supporting Files */,
			);
			path = meteorDemo;
			sourceTree = "<group>";
		};
		CA8708F71D29538500975289 /* Supporting Files */ = {
			isa = PBXGroup;
			children = (
				CA8709031D29538500975289 /* Assets.xcassets */,
				CA8709081D29538500975289 /* Info.plist */,
				CA8708F81D29538500975289 /* main.m */,
			);
			name = "Supporting Files";
			sourceTree = "<group>";
		};
/* End PBXGroup section */

/* Begin PBXNativeTarget section */
		CA8708F31D29538400975289 /* meteorDemo */ = {
			isa = PBXNativeTarget;
			buildConfigurationList = CA87090B1D29538500975289 /* Build configuration list for PBXNativeTarget "meteorDemo" */;
			buildPhases = (
				CA8708F01D29538400975289 /* Sources */,
				CA8708F11D29538400975289 /* Frameworks */,
				CA8708F21D29538400975289 /* Resources */,
			);
			buildRules = (
			);
			dependencies = (
			);
			name = meteorDemo;
			productName = meteorDemo;
			productReference = CA8708F41D29538500975289 /* meteorDemo.app */;
			productType = "com.apple.product-type.application";
		};
/* End PBXNativeTarget section */

/* Begin PBXProject section */
		CA8708EC1D29538400975289 /* Project object */ = {
			isa = PBXProject;
			attributes = {
				LastUpgradeCheck = 0730;
				ORGANIZATIONNAME = liuxing;
				TargetAttributes = {
					CA8708F31D29538400975289 = {
						CreatedOnToolsVersion = 7.3.1;
					};
				};
			};
			buildConfigurationList = CA8708EF1D29538400975289 /* Build configuration list for PBXProject "meteorDemo" */;
			compatibilityVersion = "Xcode 3.2";
			developmentRegion = English;
			hasScannedForEncodings = 0;
			knownRegions = (
				en,
				Base,
			);
			mainGroup = CA8708EB1D29538400975289;
			productRefGroup = CA8708F51D29538500975289 /* Products */;
			projectDirPath = "";
			projectRoot = "";
			targets = (
				CA8708F31D29538400975289 /* meteorDemo */,
			);
		};
/* End PBXProject section */

/* Begin PBXResourcesBuildPhase section */
		CA8708F21D29538400975289 /* Resources */ = {
			isa = PBXResourcesBuildPhase;
			buildActionMask = 2147483647;
			files = (
				CA8709041D29538500975289 /* Assets.xcassets in Resources */,
			);
			runOnlyForDeploymentPostprocessing = 0;
		};
/* End PBXResourcesBuildPhase section */

/* Begin PBXSourcesBuildPhase section */
		CA8708F01D29538400975289 /* Sources */ = {
			isa = PBXSourcesBuildPhase;
			buildActionMask = 2147483647;
			files = (
				CA8708FC1D29538500975289 /* AppDelegate.m in Sources */,
				CA8709101D29582D00975289 /* LXTabBar.m in Sources */,
				CA87091C1D29587800975289 /* readViewController.m in Sources */,
				CA87091F1D29589800975289 /* newsViewController.m in Sources */,
				CA069E921D2A5D6500A917DB /* UIView+LXExtension.m in Sources */,
				CA8708F91D29538500975289 /* main.m in Sources */,
				CA8709191D29586D00975289 /* moviesViewController.m in Sources */,
				CA8709131D29584D00975289 /* LXTabBarController.m in Sources */,
				CA8709161D29585F00975289 /* meViewController.m in Sources */,
				CAA93B971D2A875800EC9FD1 /* UIBarButtonItem+LXbtn.m in Sources */,
			);
			runOnlyForDeploymentPostprocessing = 0;
		};
/* End PBXSourcesBuildPhase section */

/* Begin XCBuildConfiguration section */
		CA8709091D29538500975289 /* Debug */ = {
			isa = XCBuildConfiguration;
			buildSettings = {
				ALWAYS_SEARCH_USER_PATHS = NO;
				CLANG_ANALYZER_NONNULL = YES;
				CLANG_CXX_LANGUAGE_STANDARD = "gnu++0x";
				CLANG_CXX_LIBRARY = "libc++";
				CLANG_ENABLE_MODULES = YES;
				CLANG_ENABLE_OBJC_ARC = YES;
				CLANG_WARN_BOOL_CONVERSION = YES;
				CLANG_WARN_CONSTANT_CONVERSION = YES;
				CLANG_WARN_DIRECT_OBJC_ISA_USAGE = YES_ERROR;
				CLANG_WARN_EMPTY_BODY = YES;
				CLANG_WARN_ENUM_CONVERSION = YES;
				CLANG_WARN_INT_CONVERSION = YES;
				CLANG_WARN_OBJC_ROOT_CLASS = YES_ERROR;
				CLANG_WARN_UNREACHABLE_CODE = YES;
				CLANG_WARN__DUPLICATE_METHOD_MATCH = YES;
				"CODE_SIGN_IDENTITY[sdk=iphoneos*]" = "iPhone Developer";
				COPY_PHASE_STRIP = NO;
				DEBUG_INFORMATION_FORMAT = dwarf;
				ENABLE_STRICT_OBJC_MSGSEND = YES;
				ENABLE_TESTABILITY = YES;
				GCC_C_LANGUAGE_STANDARD = gnu99;
				GCC_DYNAMIC_NO_PIC = NO;
				GCC_NO_COMMON_BLOCKS = YES;
				GCC_OPTIMIZATION_LEVEL = 0;
				GCC_PREPROCESSOR_DEFINITIONS = (
					"DEBUG=1",
					"$(inherited)",
				);
				GCC_WARN_64_TO_32_BIT_CONVERSION = YES;
				GCC_WARN_ABOUT_RETURN_TYPE = YES_ERROR;
				GCC_WARN_UNDECLARED_SELECTOR = YES;
				GCC_WARN_UNINITIALIZED_AUTOS = YES_AGGRESSIVE;
				GCC_WARN_UNUSED_FUNCTION = YES;
				GCC_WARN_UNUSED_VARIABLE = YES;
				IPHONEOS_DEPLOYMENT_TARGET = 9.3;
				MTL_ENABLE_DEBUG_INFO = YES;
				ONLY_ACTIVE_ARCH = YES;
				SDKROOT = iphoneos;
			};
			name = Debug;
		};
		CA87090A1D29538500975289 /* Release */ = {
			isa = XCBuildConfiguration;
			buildSettings = {
				ALWAYS_SEARCH_USER_PATHS = NO;
				CLANG_ANALYZER_NONNULL = YES;
				CLANG_CXX_LANGUAGE_STANDARD = "gnu++0x";
				CLANG_CXX_LIBRARY = "libc++";
				CLANG_ENABLE_MODULES = YES;
				CLANG_ENABLE_OBJC_ARC = YES;
				CLANG_WARN_BOOL_CONVERSION = YES;
				CLANG_WARN_CONSTANT_CONVERSION = YES;
				CLANG_WARN_DIRECT_OBJC_ISA_USAGE = YES_ERROR;
				CLANG_WARN_EMPTY_BODY = YES;
				CLANG_WARN_ENUM_CONVERSION = YES;
				CLANG_WARN_INT_CONVERSION = YES;
				CLANG_WARN_OBJC_ROOT_CLASS = YES_ERROR;
				CLANG_WARN_UNREACHABLE_CODE = YES;
				CLANG_WARN__DUPLICATE_METHOD_MATCH = YES;
				"CODE_SIGN_IDENTITY[sdk=iphoneos*]" = "iPhone Developer";
				COPY_PHASE_STRIP = NO;
				DEBUG_INFORMATION_FORMAT = "dwarf-with-dsym";
				ENABLE_NS_ASSERTIONS = NO;
				ENABLE_STRICT_OBJC_MSGSEND = YES;
				GCC_C_LANGUAGE_STANDARD = gnu99;
				GCC_NO_COMMON_BLOCKS = YES;
				GCC_WARN_64_TO_32_BIT_CONVERSION = YES;
				GCC_WARN_ABOUT_RETURN_TYPE = YES_ERROR;
				GCC_WARN_UNDECLARED_SELECTOR = YES;
				GCC_WARN_UNINITIALIZED_AUTOS = YES_AGGRESSIVE;
				GCC_WARN_UNUSED_FUNCTION = YES;
				GCC_WARN_UNUSED_VARIABLE = YES;
				IPHONEOS_DEPLOYMENT_TARGET = 9.3;
				MTL_ENABLE_DEBUG_INFO = NO;
				SDKROOT = iphoneos;
				VALIDATE_PRODUCT = YES;
			};
			name = Release;
		};
		CA87090C1D29538500975289 /* Debug */ = {
			isa = XCBuildConfiguration;
			buildSettings = {
				ASSETCATALOG_COMPILER_APPICON_NAME = AppIcon;
				ASSETCATALOG_COMPILER_LAUNCHIMAGE_NAME = LaunchImage;
				GCC_PREFIX_HEADER = "$(SRCROOT)/meteorDemo/PrefixHeader.pch";
				INFOPLIST_FILE = meteorDemo/Info.plist;
				IPHONEOS_DEPLOYMENT_TARGET = 9.3;
				LD_RUNPATH_SEARCH_PATHS = "$(inherited) @executable_path/Frameworks";
				PRODUCT_BUNDLE_IDENTIFIER = "https---github.com-github.meteorDemo";
				PRODUCT_NAME = "$(TARGET_NAME)";
			};
			name = Debug;
		};
		CA87090D1D29538500975289 /* Release */ = {
			isa = XCBuildConfiguration;
			buildSettings = {
				ASSETCATALOG_COMPILER_APPICON_NAME = AppIcon;
				ASSETCATALOG_COMPILER_LAUNCHIMAGE_NAME = LaunchImage;
				GCC_PREFIX_HEADER = "$(SRCROOT)/meteorDemo/PrefixHeader.pch";
				INFOPLIST_FILE = meteorDemo/Info.plist;
				IPHONEOS_DEPLOYMENT_TARGET = 9.3;
				LD_RUNPATH_SEARCH_PATHS = "$(inherited) @executable_path/Frameworks";
				PRODUCT_BUNDLE_IDENTIFIER = "https---github.com-github.meteorDemo";
				PRODUCT_NAME = "$(TARGET_NAME)";
			};
			name = Release;
		};
/* End XCBuildConfiguration section */

/* Begin XCConfigurationList section */
		CA8708EF1D29538400975289 /* Build configuration list for PBXProject "meteorDemo" */ = {
			isa = XCConfigurationList;
			buildConfigurations = (
				CA8709091D29538500975289 /* Debug */,
				CA87090A1D29538500975289 /* Release */,
			);
			defaultConfigurationIsVisible = 0;
			defaultConfigurationName = Release;
		};
		CA87090B1D29538500975289 /* Build configuration list for PBXNativeTarget "meteorDemo" */ = {
			isa = XCConfigurationList;
			buildConfigurations = (
				CA87090C1D29538500975289 /* Debug */,
				CA87090D1D29538500975289 /* Release */,
			);
			defaultConfigurationIsVisible = 0;
			defaultConfigurationName = Release;
		};
/* End XCConfigurationList section */
	};
	rootObject = CA8708EC1D29538400975289 /* Project object */;
}
